
Microsoft Visual Studio Solution File, Format Version 12.00
# Visual Studio Version 17
VisualStudioVersion = 17.9.34723.18
MinimumVisualStudioVersion = 10.0.40219.1
Project("{FAE04EC0-301F-11D3-BF4B-00C04F79EFBC}") = "PrizeDraw", "PrizeDraw\PrizeDraw.csproj", "{266E4259-DBF8-4D62-9E7A-63B687DD730A}"
EndProject
Project("{FAE04EC0-301F-11D3-BF4B-00C04F79EFBC}") = "PrizeDraw.Tests", "PrizeDraw.Tests\PrizeDraw.Tests.csproj", "{D312614B-2664-4FD0-8495-817EAEC1FA6D}"
EndProject
Global
	GlobalSection(SolutionConfigurationPlatforms) = preSolution
		Debug|Any CPU = Debug|Any CPU
		Release|Any CPU = Release|Any CPU
	EndGlobalSection
	GlobalSection(ProjectConfigurationPlatforms) = postSolution
		{266E4259-DBF8-4D62-9E7A-63B687DD730A}.Debug|Any CPU.ActiveCfg = Debug|Any CPU
		{266E4259-DBF8-4D62-9E7A-63B687DD730A}.Debug|Any CPU.Build.0 = Debug|Any CPU
		{266E4259-DBF8-4D62-9E7A-63B687DD730A}.Release|Any CPU.ActiveCfg = Release|Any CPU
		{266E4259-DBF8-4D62-9E7A-63B687DD730A}.Release|Any CPU.Build.0 = Release|Any CPU
		{D312614B-2664-4FD0-8495-817EAEC1FA6D}.Debug|Any CPU.ActiveCfg = Debug|Any CPU
		{D312614B-2664-4FD0-8495-817EAEC1FA6D}.Debug|Any CPU.Build.0 = Debug|Any CPU
		{D312614B-2664-4FD0-8495-817EAEC1FA6D}.Release|Any CPU.ActiveCfg = Release|Any CPU
		{D312614B-2664-4FD0-8495-817EAEC1FA6D}.Release|Any CPU.Build.0 = Release|Any CPU
	EndGlobalSection
	GlobalSection(SolutionProperties) = preSolution
		HideSolutionNode = FALSE
	EndGlobalSection
	GlobalSection(ExtensibilityGlobals) = postSolution
		SolutionGuid = {5EE623F4-9CCA-4AFA-A647-ECF6A97DDD12}
	EndGlobalSection
EndGlobal
